
Microsoft Visual Studio Solution File, Format Version 12.00
# Visual Studio 15
VisualStudioVersion = 15.0.26730.8
MinimumVisualStudioVersion = 10.0.40219.1
Project("{FAE04EC0-301F-11D3-BF4B-00C04F79EFBC}") = "Apps", "Apps\Apps.csproj", "{FEE3716F-84B1-4CD9-A66F-85C302767FD6}"
EndProject
Global
	GlobalSection(SolutionConfigurationPlatforms) = preSolution
		Debug|Any CPU = Debug|Any CPU
		Release|Any CPU = Release|Any CPU
	EndGlobalSection
	GlobalSection(ProjectConfigurationPlatforms) = postSolution
		{FEE3716F-84B1-4CD9-A66F-85C302767FD6}.Debug|Any CPU.ActiveCfg = Debug|Any CPU
		{FEE3716F-84B1-4CD9-A66F-85C302767FD6}.Debug|Any CPU.Build.0 = Debug|Any CPU
		{FEE3716F-84B1-4CD9-A66F-85C302767FD6}.Release|Any CPU.ActiveCfg = Release|Any CPU
		{FEE3716F-84B1-4CD9-A66F-85C302767FD6}.Release|Any CPU.Build.0 = Release|Any CPU
	EndGlobalSection
	GlobalSection(SolutionProperties) = preSolution
		HideSolutionNode = FALSE
	EndGlobalSection
	GlobalSection(ExtensibilityGlobals) = postSolution
		SolutionGuid = {6529A0F6-C913-464A-96DB-58F30F257CFF}
	EndGlobalSection
EndGlobal
